
Microsoft Visual Studio Solution File, Format Version 12.00
# Visual Studio Version 16
VisualStudioVersion = 16.0.29728.190
MinimumVisualStudioVersion = 10.0.40219.1
Project("{9092AA53-FB77-4645-B42D-1CCCA6BD08BD}") = "FileStorage", "FileStorage.njsproj", "{192798C3-F1E6-40AA-93DE-B238B3D97FDE}"
EndProject
Global
	GlobalSection(SolutionConfigurationPlatforms) = preSolution
		Debug|Any CPU = Debug|Any CPU
		Release|Any CPU = Release|Any CPU
	EndGlobalSection
	GlobalSection(ProjectConfigurationPlatforms) = postSolution
		{192798C3-F1E6-40AA-93DE-B238B3D97FDE}.Debug|Any CPU.ActiveCfg = Debug|Any CPU
		{192798C3-F1E6-40AA-93DE-B238B3D97FDE}.Debug|Any CPU.Build.0 = Debug|Any CPU
		{192798C3-F1E6-40AA-93DE-B238B3D97FDE}.Release|Any CPU.ActiveCfg = Release|Any CPU
		{192798C3-F1E6-40AA-93DE-B238B3D97FDE}.Release|Any CPU.Build.0 = Release|Any CPU
	EndGlobalSection
	GlobalSection(SolutionProperties) = preSolution
		HideSolutionNode = FALSE
	EndGlobalSection
	GlobalSection(ExtensibilityGlobals) = postSolution
		SolutionGuid = {8A3F3929-500F-4AFB-8B9E-9CDADF1D99E2}
	EndGlobalSection
EndGlobal
